
Microsoft Visual Studio Solution File, Format Version 12.00
# Visual Studio Version 16
VisualStudioVersion = 16.0.29411.108
MinimumVisualStudioVersion = 10.0.40219.1
Project("{FAE04EC0-301F-11D3-BF4B-00C04F79EFBC}") = "CsharpMastery4.8_Switchs", "CsharpMastery4.8_Switchs.csproj", "{5E77C339-1DFF-4FC0-BA70-A4CBEF974BF8}"
EndProject
Global
	GlobalSection(SolutionConfigurationPlatforms) = preSolution
		Debug|Any CPU = Debug|Any CPU
		Release|Any CPU = Release|Any CPU
	EndGlobalSection
	GlobalSection(ProjectConfigurationPlatforms) = postSolution
		{5E77C339-1DFF-4FC0-BA70-A4CBEF974BF8}.Debug|Any CPU.ActiveCfg = Debug|Any CPU
		{5E77C339-1DFF-4FC0-BA70-A4CBEF974BF8}.Debug|Any CPU.Build.0 = Debug|Any CPU
		{5E77C339-1DFF-4FC0-BA70-A4CBEF974BF8}.Release|Any CPU.ActiveCfg = Release|Any CPU
		{5E77C339-1DFF-4FC0-BA70-A4CBEF974BF8}.Release|Any CPU.Build.0 = Release|Any CPU
	EndGlobalSection
	GlobalSection(SolutionProperties) = preSolution
		HideSolutionNode = FALSE
	EndGlobalSection
	GlobalSection(ExtensibilityGlobals) = postSolution
		SolutionGuid = {5CD0D130-35D2-4B74-A1E8-32C746821F2D}
	EndGlobalSection
EndGlobal
